// !$*UTF8*$!
{
	archiveVersion = 1;
	classes = {
	};
	objectVersion = 56;
	objects = {

/* Begin PBXBuildFile section */
		65ACD4B12AECF4E8008B4886 /* AppDelegate.swift in Sources */ = {isa = PBXBuildFile; fileRef = 65ACD4B02AECF4E8008B4886 /* AppDelegate.swift */; };
		65ACD4B32AECF4E8008B4886 /* SceneDelegate.swift in Sources */ = {isa = PBXBuildFile; fileRef = 65ACD4B22AECF4E8008B4886 /* SceneDelegate.swift */; };
		65ACD4B52AECF4E8008B4886 /* Anasayfa.swift in Sources */ = {isa = PBXBuildFile; fileRef = 65ACD4B42AECF4E8008B4886 /* Anasayfa.swift */; };
		65ACD4B82AECF4E8008B4886 /* Main.storyboard in Resources */ = {isa = PBXBuildFile; fileRef = 65ACD4B62AECF4E8008B4886 /* Main.storyboard */; };
		65ACD4BA2AECF4EA008B4886 /* Assets.xcassets in Resources */ = {isa = PBXBuildFile; fileRef = 65ACD4B92AECF4EA008B4886 /* Assets.xcassets */; };
		65ACD4BD2AECF4EA008B4886 /* LaunchScreen.storyboard in Resources */ = {isa = PBXBuildFile; fileRef = 65ACD4BB2AECF4EA008B4886 /* LaunchScreen.storyboard */; };
		65ACD4CA2AECF5AE008B4886 /* Filmler.swift in Sources */ = {isa = PBXBuildFile; fileRef = 65ACD4C92AECF5AE008B4886 /* Filmler.swift */; };
		65ACD4CC2AECF64A008B4886 /* DetaySayfa.swift in Sources */ = {isa = PBXBuildFile; fileRef = 65ACD4CB2AECF64A008B4886 /* DetaySayfa.swift */; };
		65ACD4CE2AECF78D008B4886 /* FilmlerHucre.swift in Sources */ = {isa = PBXBuildFile; fileRef = 65ACD4CD2AECF78D008B4886 /* FilmlerHucre.swift */; };
/* End PBXBuildFile section */

/* Begin PBXFileReference section */
		65ACD4AD2AECF4E8008B4886 /* FilmlerApp.app */ = {isa = PBXFileReference; explicitFileType = wrapper.application; includeInIndex = 0; path = FilmlerApp.app; sourceTree = BUILT_PRODUCTS_DIR; };
		65ACD4B02AECF4E8008B4886 /* AppDelegate.swift */ = {isa = PBXFileReference; lastKnownFileType = sourcecode.swift; path = AppDelegate.swift; sourceTree = "<group>"; };
		65ACD4B22AECF4E8008B4886 /* SceneDelegate.swift */ = {isa = PBXFileReference; lastKnownFileType = sourcecode.swift; path = SceneDelegate.swift; sourceTree = "<group>"; };
		65ACD4B42AECF4E8008B4886 /* Anasayfa.swift */ = {isa = PBXFileReference; lastKnownFileType = sourcecode.swift; path = Anasayfa.swift; sourceTree = "<group>"; };
		65ACD4B72AECF4E8008B4886 /* Base */ = {isa = PBXFileReference; lastKnownFileType = file.storyboard; name = Base; path = Base.lproj/Main.storyboard; sourceTree = "<group>"; };
		65ACD4B92AECF4EA008B4886 /* Assets.xcassets */ = {isa = PBXFileReference; lastKnownFileType = folder.assetcatalog; path = Assets.xcassets; sourceTree = "<group>"; };
		65ACD4BC2AECF4EA008B4886 /* Base */ = {isa = PBXFileReference; lastKnownFileType = file.storyboard; name = Base; path = Base.lproj/LaunchScreen.storyboard; sourceTree = "<group>"; };
		65ACD4BE2AECF4EA008B4886 /* Info.plist */ = {isa = PBXFileReference; lastKnownFileType = text.plist.xml; path = Info.plist; sourceTree = "<group>"; };
		65ACD4C92AECF5AE008B4886 /* Filmler.swift */ = {isa = PBXFileReference; lastKnownFileType = sourcecode.swift; path = Filmler.swift; sourceTree = "<group>"; };
		65ACD4CB2AECF64A008B4886 /* DetaySayfa.swift */ = {isa = PBXFileReference; lastKnownFileType = sourcecode.swift; path = DetaySayfa.swift; sourceTree = "<group>"; };
		65ACD4CD2AECF78D008B4886 /* FilmlerHucre.swift */ = {isa = PBXFileReference; lastKnownFileType = sourcecode.swift; path = FilmlerHucre.swift; sourceTree = "<group>"; };
/* End PBXFileReference section */

/* Begin PBXFrameworksBuildPhase section */
		65ACD4AA2AECF4E8008B4886 /* Frameworks */ = {
			isa = PBXFrameworksBuildPhase;
			buildActionMask = 2147483647;
			files = (
			);
			runOnlyForDeploymentPostprocessing = 0;
		};
/* End PBXFrameworksBuildPhase section */

/* Begin PBXGroup section */
		65ACD4A42AECF4E8008B4886 = {
			isa = PBXGroup;
			children = (
				65ACD4AF2AECF4E8008B4886 /* FilmlerApp */,
				65ACD4AE2AECF4E8008B4886 /* Products */,
			);
			sourceTree = "<group>";
		};
		65ACD4AE2AECF4E8008B4886 /* Products */ = {
			isa = PBXGroup;
			children = (
				65ACD4AD2AECF4E8008B4886 /* FilmlerApp.app */,
			);
			name = Products;
			sourceTree = "<group>";
		};
		65ACD4AF2AECF4E8008B4886 /* FilmlerApp */ = {
			isa = PBXGroup;
			children = (
				65ACD4B02AECF4E8008B4886 /* AppDelegate.swift */,
				65ACD4B22AECF4E8008B4886 /* SceneDelegate.swift */,
				65ACD4C52AECF53A008B4886 /* UI */,
				65ACD4C42AECF51F008B4886 /* Data */,
				65ACD4B62AECF4E8008B4886 /* Main.storyboard */,
				65ACD4B92AECF4EA008B4886 /* Assets.xcassets */,
				65ACD4BB2AECF4EA008B4886 /* LaunchScreen.storyboard */,
				65ACD4BE2AECF4EA008B4886 /* Info.plist */,
			);
			path = FilmlerApp;
			sourceTree = "<group>";
		};
		65ACD4C42AECF51F008B4886 /* Data */ = {
			isa = PBXGroup;
			children = (
				65ACD4C72AECF54C008B4886 /* Entity */,
			);
			path = Data;
			sourceTree = "<group>";
		};
		65ACD4C52AECF53A008B4886 /* UI */ = {
			isa = PBXGroup;
			children = (
				65ACD4C82AECF560008B4886 /* Collection View */,
				65ACD4C62AECF544008B4886 /* Views */,
			);
			path = UI;
			sourceTree = "<group>";
		};
		65ACD4C62AECF544008B4886 /* Views */ = {
			isa = PBXGroup;
			children = (
				65ACD4B42AECF4E8008B4886 /* Anasayfa.swift */,
				65ACD4CB2AECF64A008B4886 /* DetaySayfa.swift */,
			);
			path = Views;
			sourceTree = "<group>";
		};
		65ACD4C72AECF54C008B4886 /* Entity */ = {
			isa = PBXGroup;
			children = (
				65ACD4C92AECF5AE008B4886 /* Filmler.swift */,
			);
			path = Entity;
			sourceTree = "<group>";
		};
		65ACD4C82AECF560008B4886 /* Collection View */ = {
			isa = PBXGroup;
			children = (
				65ACD4CD2AECF78D008B4886 /* FilmlerHucre.swift */,
			);
			path = "Collection View";
			sourceTree = "<group>";
		};
/* End PBXGroup section */

/* Begin PBXNativeTarget section */
		65ACD4AC2AECF4E8008B4886 /* FilmlerApp */ = {
			isa = PBXNativeTarget;
			buildConfigurationList = 65ACD4C12AECF4EA008B4886 /* Build configuration list for PBXNativeTarget "FilmlerApp" */;
			buildPhases = (
				65ACD4A92AECF4E8008B4886 /* Sources */,
				65ACD4AA2AECF4E8008B4886 /* Frameworks */,
				65ACD4AB2AECF4E8008B4886 /* Resources */,
			);
			buildRules = (
			);
			dependencies = (
			);
			name = FilmlerApp;
			productName = FilmlerApp;
			productReference = 65ACD4AD2AECF4E8008B4886 /* FilmlerApp.app */;
			productType = "com.apple.product-type.application";
		};
/* End PBXNativeTarget section */

/* Begin PBXProject section */
		65ACD4A52AECF4E8008B4886 /* Project object */ = {
			isa = PBXProject;
			attributes = {
				BuildIndependentTargetsInParallel = 1;
				LastSwiftUpdateCheck = 1500;
				LastUpgradeCheck = 1500;
				TargetAttributes = {
					65ACD4AC2AECF4E8008B4886 = {
						CreatedOnToolsVersion = 15.0;
					};
				};
			};
			buildConfigurationList = 65ACD4A82AECF4E8008B4886 /* Build configuration list for PBXProject "FilmlerApp" */;
			compatibilityVersion = "Xcode 14.0";
			developmentRegion = en;
			hasScannedForEncodings = 0;
			knownRegions = (
				en,
				Base,
			);
			mainGroup = 65ACD4A42AECF4E8008B4886;
			productRefGroup = 65ACD4AE2AECF4E8008B4886 /* Products */;
			projectDirPath = "";
			projectRoot = "";
			targets = (
				65ACD4AC2AECF4E8008B4886 /* FilmlerApp */,
			);
		};
/* End PBXProject section */

/* Begin PBXResourcesBuildPhase section */
		65ACD4AB2AECF4E8008B4886 /* Resources */ = {
			isa = PBXResourcesBuildPhase;
			buildActionMask = 2147483647;
			files = (
				65ACD4BD2AECF4EA008B4886 /* LaunchScreen.storyboard in Resources */,
				65ACD4BA2AECF4EA008B4886 /* Assets.xcassets in Resources */,
				65ACD4B82AECF4E8008B4886 /* Main.storyboard in Resources */,
			);
			runOnlyForDeploymentPostprocessing = 0;
		};
/* End PBXResourcesBuildPhase section */

/* Begin PBXSourcesBuildPhase section */
		65ACD4A92AECF4E8008B4886 /* Sources */ = {
			isa = PBXSourcesBuildPhase;
			buildActionMask = 2147483647;
			files = (
				65ACD4B52AECF4E8008B4886 /* Anasayfa.swift in Sources */,
				65ACD4B12AECF4E8008B4886 /* AppDelegate.swift in Sources */,
				65ACD4B32AECF4E8008B4886 /* SceneDelegate.swift in Sources */,
				65ACD4CC2AECF64A008B4886 /* DetaySayfa.swift in Sources */,
				65ACD4CA2AECF5AE008B4886 /* Filmler.swift in Sources */,
				65ACD4CE2AECF78D008B4886 /* FilmlerHucre.swift in Sources */,
			);
			runOnlyForDeploymentPostprocessing = 0;
		};
/* End PBXSourcesBuildPhase section */

/* Begin PBXVariantGroup section */
		65ACD4B62AECF4E8008B4886 /* Main.storyboard */ = {
			isa = PBXVariantGroup;
			children = (
				65ACD4B72AECF4E8008B4886 /* Base */,
			);
			name = Main.storyboard;
			sourceTree = "<group>";
		};
		65ACD4BB2AECF4EA008B4886 /* LaunchScreen.storyboard */ = {
			isa = PBXVariantGroup;
			children = (
				65ACD4BC2AECF4EA008B4886 /* Base */,
			);
			name = LaunchScreen.storyboard;
			sourceTree = "<group>";
		};
/* End PBXVariantGroup section */

/* Begin XCBuildConfiguration section */
		65ACD4BF2AECF4EA008B4886 /* Debug */ = {
			isa = XCBuildConfiguration;
			buildSettings = {
				ALWAYS_SEARCH_USER_PATHS = NO;
				ASSETCATALOG_COMPILER_GENERATE_SWIFT_ASSET_SYMBOL_EXTENSIONS = YES;
				CLANG_ANALYZER_NONNULL = YES;
				CLANG_ANALYZER_NUMBER_OBJECT_CONVERSION = YES_AGGRESSIVE;
				CLANG_CXX_LANGUAGE_STANDARD = "gnu++20";
				CLANG_ENABLE_MODULES = YES;
				CLANG_ENABLE_OBJC_ARC = YES;
				CLANG_ENABLE_OBJC_WEAK = YES;
				CLANG_WARN_BLOCK_CAPTURE_AUTORELEASING = YES;
				CLANG_WARN_BOOL_CONVERSION = YES;
				CLANG_WARN_COMMA = YES;
				CLANG_WARN_CONSTANT_CONVERSION = YES;
				CLANG_WARN_DEPRECATED_OBJC_IMPLEMENTATIONS = YES;
				CLANG_WARN_DIRECT_OBJC_ISA_USAGE = YES_ERROR;
				CLANG_WARN_DOCUMENTATION_COMMENTS = YES;
				CLANG_WARN_EMPTY_BODY = YES;
				CLANG_WARN_ENUM_CONVERSION = YES;
				CLANG_WARN_INFINITE_RECURSION = YES;
				CLANG_WARN_INT_CONVERSION = YES;
				CLANG_WARN_NON_LITERAL_NULL_CONVERSION = YES;
				CLANG_WARN_OBJC_IMPLICIT_RETAIN_SELF = YES;
				CLANG_WARN_OBJC_LITERAL_CONVERSION = YES;
				CLANG_WARN_OBJC_ROOT_CLASS = YES_ERROR;
				CLANG_WARN_QUOTED_INCLUDE_IN_FRAMEWORK_HEADER = YES;
				CLANG_WARN_RANGE_LOOP_ANALYSIS = YES;
				CLANG_WARN_STRICT_PROTOTYPES = YES;
				CLANG_WARN_SUSPICIOUS_MOVE = YES;
				CLANG_WARN_UNGUARDED_AVAILABILITY = YES_AGGRESSIVE;
				CLANG_WARN_UNREACHABLE_CODE = YES;
				CLANG_WARN__DUPLICATE_METHOD_MATCH = YES;
				COPY_PHASE_STRIP = NO;
				DEBUG_INFORMATION_FORMAT = dwarf;
				ENABLE_STRICT_OBJC_MSGSEND = YES;
				ENABLE_TESTABILITY = YES;
				ENABLE_USER_SCRIPT_SANDBOXING = YES;
				GCC_C_LANGUAGE_STANDARD = gnu17;
				GCC_DYNAMIC_NO_PIC = NO;
				GCC_NO_COMMON_BLOCKS = YES;
				GCC_OPTIMIZATION_LEVEL = 0;
				GCC_PREPROCESSOR_DEFINITIONS = (
					"DEBUG=1",
					"$(inherited)",
				);
				GCC_WARN_64_TO_32_BIT_CONVERSION = YES;
				GCC_WARN_ABOUT_RETURN_TYPE = YES_ERROR;
				GCC_WARN_UNDECLARED_SELECTOR = YES;
				GCC_WARN_UNINITIALIZED_AUTOS = YES_AGGRESSIVE;
				GCC_WARN_UNUSED_FUNCTION = YES;
				GCC_WARN_UNUSED_VARIABLE = YES;
				IPHONEOS_DEPLOYMENT_TARGET = 17.0;
				LOCALIZATION_PREFERS_STRING_CATALOGS = YES;
				MTL_ENABLE_DEBUG_INFO = INCLUDE_SOURCE;
				MTL_FAST_MATH = YES;
				ONLY_ACTIVE_ARCH = YES;
				SDKROOT = iphoneos;
				SWIFT_ACTIVE_COMPILATION_CONDITIONS = "DEBUG $(inherited)";
				SWIFT_OPTIMIZATION_LEVEL = "-Onone";
			};
			name = Debug;
		};
		65ACD4C02AECF4EA008B4886 /* Release */ = {
			isa = XCBuildConfiguration;
			buildSettings = {
				ALWAYS_SEARCH_USER_PATHS = NO;
				ASSETCATALOG_COMPILER_GENERATE_SWIFT_ASSET_SYMBOL_EXTENSIONS = YES;
				CLANG_ANALYZER_NONNULL = YES;
				CLANG_ANALYZER_NUMBER_OBJECT_CONVERSION = YES_AGGRESSIVE;
				CLANG_CXX_LANGUAGE_STANDARD = "gnu++20";
				CLANG_ENABLE_MODULES = YES;
				CLANG_ENABLE_OBJC_ARC = YES;
				CLANG_ENABLE_OBJC_WEAK = YES;
				CLANG_WARN_BLOCK_CAPTURE_AUTORELEASING = YES;
				CLANG_WARN_BOOL_CONVERSION = YES;
				CLANG_WARN_COMMA = YES;
				CLANG_WARN_CONSTANT_CONVERSION = YES;
				CLANG_WARN_DEPRECATED_OBJC_IMPLEMENTATIONS = YES;
				CLANG_WARN_DIRECT_OBJC_ISA_USAGE = YES_ERROR;
				CLANG_WARN_DOCUMENTATION_COMMENTS = YES;
				CLANG_WARN_EMPTY_BODY = YES;
				CLANG_WARN_ENUM_CONVERSION = YES;
				CLANG_WARN_INFINITE_RECURSION = YES;
				CLANG_WARN_INT_CONVERSION = YES;
				CLANG_WARN_NON_LITERAL_NULL_CONVERSION = YES;
				CLANG_WARN_OBJC_IMPLICIT_RETAIN_SELF = YES;
				CLANG_WARN_OBJC_LITERAL_CONVERSION = YES;
				CLANG_WARN_OBJC_ROOT_CLASS = YES_ERROR;
				CLANG_WARN_QUOTED_INCLUDE_IN_FRAMEWORK_HEADER = YES;
				CLANG_WARN_RANGE_LOOP_ANALYSIS = YES;
				CLANG_WARN_STRICT_PROTOTYPES = YES;
				CLANG_WARN_SUSPICIOUS_MOVE = YES;
				CLANG_WARN_UNGUARDED_AVAILABILITY = YES_AGGRESSIVE;
				CLANG_WARN_UNREACHABLE_CODE = YES;
				CLANG_WARN__DUPLICATE_METHOD_MATCH = YES;
				COPY_PHASE_STRIP = NO;
				DEBUG_INFORMATION_FORMAT = "dwarf-with-dsym";
				ENABLE_NS_ASSERTIONS = NO;
				ENABLE_STRICT_OBJC_MSGSEND = YES;
				ENABLE_USER_SCRIPT_SANDBOXING = YES;
				GCC_C_LANGUAGE_STANDARD = gnu17;
				GCC_NO_COMMON_BLOCKS = YES;
				GCC_WARN_64_TO_32_BIT_CONVERSION = YES;
				GCC_WARN_ABOUT_RETURN_TYPE = YES_ERROR;
				GCC_WARN_UNDECLARED_SELECTOR = YES;
				GCC_WARN_UNINITIALIZED_AUTOS = YES_AGGRESSIVE;
				GCC_WARN_UNUSED_FUNCTION = YES;
				GCC_WARN_UNUSED_VARIABLE = YES;
				IPHONEOS_DEPLOYMENT_TARGET = 17.0;
				LOCALIZATION_PREFERS_STRING_CATALOGS = YES;
				MTL_ENABLE_DEBUG_INFO = NO;
				MTL_FAST_MATH = YES;
				SDKROOT = iphoneos;
				SWIFT_COMPILATION_MODE = wholemodule;
				VALIDATE_PRODUCT = YES;
			};
			name = Release;
		};
		65ACD4C22AECF4EA008B4886 /* Debug */ = {
			isa = XCBuildConfiguration;
			buildSettings = {
				ASSETCATALOG_COMPILER_APPICON_NAME = AppIcon;
				ASSETCATALOG_COMPILER_GLOBAL_ACCENT_COLOR_NAME = AccentColor;
				CODE_SIGN_STYLE = Automatic;
				CURRENT_PROJECT_VERSION = 1;
				DEVELOPMENT_TEAM = Y9XJT8FRMC;
				GENERATE_INFOPLIST_FILE = YES;
				INFOPLIST_FILE = FilmlerApp/Info.plist;
				INFOPLIST_KEY_UIApplicationSupportsIndirectInputEvents = YES;
				INFOPLIST_KEY_UILaunchStoryboardName = LaunchScreen;
				INFOPLIST_KEY_UIMainStoryboardFile = Main;
				INFOPLIST_KEY_UISupportedInterfaceOrientations_iPad = "UIInterfaceOrientationPortrait UIInterfaceOrientationPortraitUpsideDown UIInterfaceOrientationLandscapeLeft UIInterfaceOrientationLandscapeRight";
				INFOPLIST_KEY_UISupportedInterfaceOrientations_iPhone = "UIInterfaceOrientationPortrait UIInterfaceOrientationLandscapeLeft UIInterfaceOrientationLandscapeRight";
				LD_RUNPATH_SEARCH_PATHS = (
					"$(inherited)",
					"@executable_path/Frameworks",
				);
				MARKETING_VERSION = 1.0;
				PRODUCT_BUNDLE_IDENTIFIER = com.furkancingoz.FilmlerApp;
				PRODUCT_NAME = "$(TARGET_NAME)";
				SWIFT_EMIT_LOC_STRINGS = YES;
				SWIFT_VERSION = 5.0;
				TARGETED_DEVICE_FAMILY = "1,2";
			};
			name = Debug;
		};
		65ACD4C32AECF4EA008B4886 /* Release */ = {
			isa = XCBuildConfiguration;
			buildSettings = {
				ASSETCATALOG_COMPILER_APPICON_NAME = AppIcon;
				ASSETCATALOG_COMPILER_GLOBAL_ACCENT_COLOR_NAME = AccentColor;
				CODE_SIGN_STYLE = Automatic;
				CURRENT_PROJECT_VERSION = 1;
				DEVELOPMENT_TEAM = Y9XJT8FRMC;
				GENERATE_INFOPLIST_FILE = YES;
				INFOPLIST_FILE = FilmlerApp/Info.plist;
				INFOPLIST_KEY_UIApplicationSupportsIndirectInputEvents = YES;
				INFOPLIST_KEY_UILaunchStoryboardName = LaunchScreen;
				INFOPLIST_KEY_UIMainStoryboardFile = Main;
				INFOPLIST_KEY_UISupportedInterfaceOrientations_iPad = "UIInterfaceOrientationPortrait UIInterfaceOrientationPortraitUpsideDown UIInterfaceOrientationLandscapeLeft UIInterfaceOrientationLandscapeRight";
				INFOPLIST_KEY_UISupportedInterfaceOrientations_iPhone = "UIInterfaceOrientationPortrait UIInterfaceOrientationLandscapeLeft UIInterfaceOrientationLandscapeRight";
				LD_RUNPATH_SEARCH_PATHS = (
					"$(inherited)",
					"@executable_path/Frameworks",
				);
				MARKETING_VERSION = 1.0;
				PRODUCT_BUNDLE_IDENTIFIER = com.furkancingoz.FilmlerApp;
				PRODUCT_NAME = "$(TARGET_NAME)";
				SWIFT_EMIT_LOC_STRINGS = YES;
				SWIFT_VERSION = 5.0;
				TARGETED_DEVICE_FAMILY = "1,2";
			};
			name = Release;
		};
/* End XCBuildConfiguration section */

/* Begin XCConfigurationList section */
		65ACD4A82AECF4E8008B4886 /* Build configuration list for PBXProject "FilmlerApp" */ = {
			isa = XCConfigurationList;
			buildConfigurations = (
				65ACD4BF2AECF4EA008B4886 /* Debug */,
				65ACD4C02AECF4EA008B4886 /* Release */,
			);
			defaultConfigurationIsVisible = 0;
			defaultConfigurationName = Release;
		};
		65ACD4C12AECF4EA008B4886 /* Build configuration list for PBXNativeTarget "FilmlerApp" */ = {
			isa = XCConfigurationList;
			buildConfigurations = (
				65ACD4C22AECF4EA008B4886 /* Debug */,
				65ACD4C32AECF4EA008B4886 /* Release */,
			);
			defaultConfigurationIsVisible = 0;
			defaultConfigurationName = Release;
		};
/* End XCConfigurationList section */
	};
	rootObject = 65ACD4A52AECF4E8008B4886 /* Project object */;
}
